
Microsoft Visual Studio Solution File, Format Version 12.00
# Visual Studio Version 16
VisualStudioVersion = 16.0.31702.278
MinimumVisualStudioVersion = 10.0.40219.1
Project("{FAE04EC0-301F-11D3-BF4B-00C04F79EFBC}") = "DelegateDemo", "DelegateDemo.csproj", "{DA11B2CB-86BD-4FBB-B6BF-908EB3C5EE0E}"
EndProject
Project("{FAE04EC0-301F-11D3-BF4B-00C04F79EFBC}") = "AnonymousMethodRealTimeExample", "..\AnonymousMethodRealTimeExample\AnonymousMethodRealTimeExample.csproj", "{CA906088-3159-4D0E-B53C-B48AA08BBEB0}"
EndProject
Global
	GlobalSection(SolutionConfigurationPlatforms) = preSolution
		Debug|Any CPU = Debug|Any CPU
		Release|Any CPU = Release|Any CPU
	EndGlobalSection
	GlobalSection(ProjectConfigurationPlatforms) = postSolution
		{DA11B2CB-86BD-4FBB-B6BF-908EB3C5EE0E}.Debug|Any CPU.ActiveCfg = Debug|Any CPU
		{DA11B2CB-86BD-4FBB-B6BF-908EB3C5EE0E}.Debug|Any CPU.Build.0 = Debug|Any CPU
		{DA11B2CB-86BD-4FBB-B6BF-908EB3C5EE0E}.Release|Any CPU.ActiveCfg = Release|Any CPU
		{DA11B2CB-86BD-4FBB-B6BF-908EB3C5EE0E}.Release|Any CPU.Build.0 = Release|Any CPU
		{CA906088-3159-4D0E-B53C-B48AA08BBEB0}.Debug|Any CPU.ActiveCfg = Debug|Any CPU
		{CA906088-3159-4D0E-B53C-B48AA08BBEB0}.Debug|Any CPU.Build.0 = Debug|Any CPU
		{CA906088-3159-4D0E-B53C-B48AA08BBEB0}.Release|Any CPU.ActiveCfg = Release|Any CPU
		{CA906088-3159-4D0E-B53C-B48AA08BBEB0}.Release|Any CPU.Build.0 = Release|Any CPU
	EndGlobalSection
	GlobalSection(SolutionProperties) = preSolution
		HideSolutionNode = FALSE
	EndGlobalSection
	GlobalSection(ExtensibilityGlobals) = postSolution
		SolutionGuid = {D5F49521-B9D8-4E4F-B9BC-A503CFDC6471}
	EndGlobalSection
EndGlobal
